
Microsoft Visual Studio Solution File, Format Version 12.00
Project("{FAE04EC0-301F-11D3-BF4B-00C04F79EFBC}") = "EntityGenerator", "EntityGenerator\EntityGenerator.csproj", "{DD430485-DE2E-4E6F-BC81-3C91A86789D8}"
EndProject
Project("{FAE04EC0-301F-11D3-BF4B-00C04F79EFBC}") = "AppConsumer", "AppConsumer\AppConsumer.csproj", "{299DFE2B-EBA4-48E1-9430-F75B627D920C}"
EndProject
Global
	GlobalSection(SolutionConfigurationPlatforms) = preSolution
		Debug|Any CPU = Debug|Any CPU
		Release|Any CPU = Release|Any CPU
	EndGlobalSection
	GlobalSection(ProjectConfigurationPlatforms) = postSolution
		{DD430485-DE2E-4E6F-BC81-3C91A86789D8}.Debug|Any CPU.ActiveCfg = Debug|Any CPU
		{DD430485-DE2E-4E6F-BC81-3C91A86789D8}.Debug|Any CPU.Build.0 = Debug|Any CPU
		{DD430485-DE2E-4E6F-BC81-3C91A86789D8}.Release|Any CPU.ActiveCfg = Release|Any CPU
		{DD430485-DE2E-4E6F-BC81-3C91A86789D8}.Release|Any CPU.Build.0 = Release|Any CPU
		{299DFE2B-EBA4-48E1-9430-F75B627D920C}.Debug|Any CPU.ActiveCfg = Debug|Any CPU
		{299DFE2B-EBA4-48E1-9430-F75B627D920C}.Debug|Any CPU.Build.0 = Debug|Any CPU
		{299DFE2B-EBA4-48E1-9430-F75B627D920C}.Release|Any CPU.ActiveCfg = Release|Any CPU
		{299DFE2B-EBA4-48E1-9430-F75B627D920C}.Release|Any CPU.Build.0 = Release|Any CPU
	EndGlobalSection
EndGlobal
